// !$*UTF8*$!
{
	archiveVersion = 1;
	classes = {
	};
	objectVersion = 50;
	objects = {

/* Begin PBXBuildFile section */
		7D5B75A227D4F8C626B74BF8 /* libPods-BWStarry1604C.a in Frameworks */ = {isa = PBXBuildFile; fileRef = 0F8D0CFB256EEC2D93F9392F /* libPods-BWStarry1604C.a */; };
		D727B23B20F2701A00EBAB35 /* PersonCenterViewController.m in Sources */ = {isa = PBXBuildFile; fileRef = D727B23A20F2701A00EBAB35 /* PersonCenterViewController.m */; };
		D75FFDC420EDE54A002D52CD /* AppDelegate.m in Sources */ = {isa = PBXBuildFile; fileRef = D75FFDC320EDE54A002D52CD /* AppDelegate.m */; };
		D75FFDC720EDE54A002D52CD /* ViewController.m in Sources */ = {isa = PBXBuildFile; fileRef = D75FFDC620EDE54A002D52CD /* ViewController.m */; };
		D75FFDCA20EDE54A002D52CD /* Main.storyboard in Resources */ = {isa = PBXBuildFile; fileRef = D75FFDC820EDE54A002D52CD /* Main.storyboard */; };
		D75FFDCD20EDE54A002D52CD /* BWStarry1604C.xcdatamodeld in Sources */ = {isa = PBXBuildFile; fileRef = D75FFDCB20EDE54A002D52CD /* BWStarry1604C.xcdatamodeld */; };
		D75FFDCF20EDE54A002D52CD /* Assets.xcassets in Resources */ = {isa = PBXBuildFile; fileRef = D75FFDCE20EDE54A002D52CD /* Assets.xcassets */; };
		D75FFDD220EDE54A002D52CD /* LaunchScreen.storyboard in Resources */ = {isa = PBXBuildFile; fileRef = D75FFDD020EDE54A002D52CD /* LaunchScreen.storyboard */; };
		D75FFDD520EDE54A002D52CD /* main.m in Sources */ = {isa = PBXBuildFile; fileRef = D75FFDD420EDE54A002D52CD /* main.m */; };
		D767F0AF20F26F6800F1695E /* BaseViewController.m in Sources */ = {isa = PBXBuildFile; fileRef = D767F0AE20F26F6800F1695E /* BaseViewController.m */; };
		D767F0B220F26F8F00F1695E /* BaseModel.m in Sources */ = {isa = PBXBuildFile; fileRef = D767F0B120F26F8F00F1695E /* BaseModel.m */; };
		D767F0B520F26FD200F1695E /* LoginViewController.m in Sources */ = {isa = PBXBuildFile; fileRef = D767F0B420F26FD200F1695E /* LoginViewController.m */; };
		D767F0B820F26FE500F1695E /* NewsViewController.m in Sources */ = {isa = PBXBuildFile; fileRef = D767F0B720F26FE500F1695E /* NewsViewController.m */; };
		D771E89120F27083009D6C7F /* ShopMallViewController.m in Sources */ = {isa = PBXBuildFile; fileRef = D771E88F20F27083009D6C7F /* ShopMallViewController.m */; };
		D771E89420F270A9009D6C7F /* LiveBroadcaseViewController.m in Sources */ = {isa = PBXBuildFile; fileRef = D771E89320F270A9009D6C7F /* LiveBroadcaseViewController.m */; };
		D771E89720F2712D009D6C7F /* NavigationController.m in Sources */ = {isa = PBXBuildFile; fileRef = D771E89620F2712D009D6C7F /* NavigationController.m */; };
		D771E89D20F27183009D6C7F /* RootViewController.m in Sources */ = {isa = PBXBuildFile; fileRef = D771E89C20F27183009D6C7F /* RootViewController.m */; };
		D771E8A020F272BC009D6C7F /* TabBarController.m in Sources */ = {isa = PBXBuildFile; fileRef = D771E89F20F272BC009D6C7F /* TabBarController.m */; };
		D794B1A020F2809000094FF8 /* PersonCenterModel.m in Sources */ = {isa = PBXBuildFile; fileRef = D794B19F20F2809000094FF8 /* PersonCenterModel.m */; };
		D794B1A320F2817100094FF8 /* PersonCenterTitleCell.m in Sources */ = {isa = PBXBuildFile; fileRef = D794B1A220F2817100094FF8 /* PersonCenterTitleCell.m */; };
		D794B1A620F2818400094FF8 /* PersonCenterIconCell.m in Sources */ = {isa = PBXBuildFile; fileRef = D794B1A520F2818400094FF8 /* PersonCenterIconCell.m */; };
		D794B1A920F281A000094FF8 /* BaseTableViewCell.m in Sources */ = {isa = PBXBuildFile; fileRef = D794B1A820F281A000094FF8 /* BaseTableViewCell.m */; };
/* End PBXBuildFile section */

/* Begin PBXFileReference section */
		0F8D0CFB256EEC2D93F9392F /* libPods-BWStarry1604C.a */ = {isa = PBXFileReference; explicitFileType = archive.ar; includeInIndex = 0; path = "libPods-BWStarry1604C.a"; sourceTree = BUILT_PRODUCTS_DIR; };
		425E649EC1BC1FACEAB1B8C1 /* Pods-BWStarry1604C.debug.xcconfig */ = {isa = PBXFileReference; includeInIndex = 1; lastKnownFileType = text.xcconfig; name = "Pods-BWStarry1604C.debug.xcconfig"; path = "Pods/Target Support Files/Pods-BWStarry1604C/Pods-BWStarry1604C.debug.xcconfig"; sourceTree = "<group>"; };
		865ED044A85825703613941C /* Pods-BWStarry1604C.release.xcconfig */ = {isa = PBXFileReference; includeInIndex = 1; lastKnownFileType = text.xcconfig; name = "Pods-BWStarry1604C.release.xcconfig"; path = "Pods/Target Support Files/Pods-BWStarry1604C/Pods-BWStarry1604C.release.xcconfig"; sourceTree = "<group>"; };
		D727B23920F2701A00EBAB35 /* PersonCenterViewController.h */ = {isa = PBXFileReference; lastKnownFileType = sourcecode.c.h; path = PersonCenterViewController.h; sourceTree = "<group>"; };
		D727B23A20F2701A00EBAB35 /* PersonCenterViewController.m */ = {isa = PBXFileReference; lastKnownFileType = sourcecode.c.objc; path = PersonCenterViewController.m; sourceTree = "<group>"; };
		D75FFDBF20EDE54A002D52CD /* BWStarry1604C.app */ = {isa = PBXFileReference; explicitFileType = wrapper.application; includeInIndex = 0; path = BWStarry1604C.app; sourceTree = BUILT_PRODUCTS_DIR; };
		D75FFDC220EDE54A002D52CD /* AppDelegate.h */ = {isa = PBXFileReference; lastKnownFileType = sourcecode.c.h; path = AppDelegate.h; sourceTree = "<group>"; };
		D75FFDC320EDE54A002D52CD /* AppDelegate.m */ = {isa = PBXFileReference; lastKnownFileType = sourcecode.c.objc; path = AppDelegate.m; sourceTree = "<group>"; };
		D75FFDC520EDE54A002D52CD /* ViewController.h */ = {isa = PBXFileReference; lastKnownFileType = sourcecode.c.h; path = ViewController.h; sourceTree = "<group>"; };
		D75FFDC620EDE54A002D52CD /* ViewController.m */ = {isa = PBXFileReference; lastKnownFileType = sourcecode.c.objc; path = ViewController.m; sourceTree = "<group>"; };
		D75FFDC920EDE54A002D52CD /* Base */ = {isa = PBXFileReference; lastKnownFileType = file.storyboard; name = Base; path = Base.lproj/Main.storyboard; sourceTree = "<group>"; };
		D75FFDCC20EDE54A002D52CD /* BWStarry1604C.xcdatamodel */ = {isa = PBXFileReference; lastKnownFileType = wrapper.xcdatamodel; path = BWStarry1604C.xcdatamodel; sourceTree = "<group>"; };
		D75FFDCE20EDE54A002D52CD /* Assets.xcassets */ = {isa = PBXFileReference; lastKnownFileType = folder.assetcatalog; path = Assets.xcassets; sourceTree = "<group>"; };
		D75FFDD120EDE54A002D52CD /* Base */ = {isa = PBXFileReference; lastKnownFileType = file.storyboard; name = Base; path = Base.lproj/LaunchScreen.storyboard; sourceTree = "<group>"; };
		D75FFDD320EDE54A002D52CD /* Info.plist */ = {isa = PBXFileReference; lastKnownFileType = text.plist.xml; path = Info.plist; sourceTree = "<group>"; };
		D75FFDD420EDE54A002D52CD /* main.m */ = {isa = PBXFileReference; lastKnownFileType = sourcecode.c.objc; path = main.m; sourceTree = "<group>"; };
		D75FFDFA20EDE9CA002D52CD /* PrefixHeader.pch */ = {isa = PBXFileReference; lastKnownFileType = sourcecode.c.h; path = PrefixHeader.pch; sourceTree = "<group>"; };
		D75FFDFC20EDF5B9002D52CD /* Url.h */ = {isa = PBXFileReference; lastKnownFileType = sourcecode.c.h; path = Url.h; sourceTree = "<group>"; };
		D767F0AD20F26F6800F1695E /* BaseViewController.h */ = {isa = PBXFileReference; lastKnownFileType = sourcecode.c.h; path = BaseViewController.h; sourceTree = "<group>"; };
		D767F0AE20F26F6800F1695E /* BaseViewController.m */ = {isa = PBXFileReference; lastKnownFileType = sourcecode.c.objc; path = BaseViewController.m; sourceTree = "<group>"; };
		D767F0B020F26F8F00F1695E /* BaseModel.h */ = {isa = PBXFileReference; lastKnownFileType = sourcecode.c.h; path = BaseModel.h; sourceTree = "<group>"; };
		D767F0B120F26F8F00F1695E /* BaseModel.m */ = {isa = PBXFileReference; lastKnownFileType = sourcecode.c.objc; path = BaseModel.m; sourceTree = "<group>"; };
		D767F0B320F26FD200F1695E /* LoginViewController.h */ = {isa = PBXFileReference; lastKnownFileType = sourcecode.c.h; path = LoginViewController.h; sourceTree = "<group>"; };
		D767F0B420F26FD200F1695E /* LoginViewController.m */ = {isa = PBXFileReference; lastKnownFileType = sourcecode.c.objc; path = LoginViewController.m; sourceTree = "<group>"; };
		D767F0B620F26FE500F1695E /* NewsViewController.h */ = {isa = PBXFileReference; lastKnownFileType = sourcecode.c.h; path = NewsViewController.h; sourceTree = "<group>"; };
		D767F0B720F26FE500F1695E /* NewsViewController.m */ = {isa = PBXFileReference; lastKnownFileType = sourcecode.c.objc; path = NewsViewController.m; sourceTree = "<group>"; };
		D771E88F20F27083009D6C7F /* ShopMallViewController.m */ = {isa = PBXFileReference; fileEncoding = 4; lastKnownFileType = sourcecode.c.objc; path = ShopMallViewController.m; sourceTree = "<group>"; };
		D771E89020F27083009D6C7F /* ShopMallViewController.h */ = {isa = PBXFileReference; fileEncoding = 4; lastKnownFileType = sourcecode.c.h; path = ShopMallViewController.h; sourceTree = "<group>"; };
		D771E89220F270A9009D6C7F /* LiveBroadcaseViewController.h */ = {isa = PBXFileReference; lastKnownFileType = sourcecode.c.h; path = LiveBroadcaseViewController.h; sourceTree = "<group>"; };
		D771E89320F270A9009D6C7F /* LiveBroadcaseViewController.m */ = {isa = PBXFileReference; lastKnownFileType = sourcecode.c.objc; path = LiveBroadcaseViewController.m; sourceTree = "<group>"; };
		D771E89520F2712D009D6C7F /* NavigationController.h */ = {isa = PBXFileReference; lastKnownFileType = sourcecode.c.h; path = NavigationController.h; sourceTree = "<group>"; };
		D771E89620F2712D009D6C7F /* NavigationController.m */ = {isa = PBXFileReference; lastKnownFileType = sourcecode.c.objc; path = NavigationController.m; sourceTree = "<group>"; };
		D771E89B20F27183009D6C7F /* RootViewController.h */ = {isa = PBXFileReference; lastKnownFileType = sourcecode.c.h; path = RootViewController.h; sourceTree = "<group>"; };
		D771E89C20F27183009D6C7F /* RootViewController.m */ = {isa = PBXFileReference; lastKnownFileType = sourcecode.c.objc; path = RootViewController.m; sourceTree = "<group>"; };
		D771E89E20F272BC009D6C7F /* TabBarController.h */ = {isa = PBXFileReference; lastKnownFileType = sourcecode.c.h; path = TabBarController.h; sourceTree = "<group>"; };
		D771E89F20F272BC009D6C7F /* TabBarController.m */ = {isa = PBXFileReference; lastKnownFileType = sourcecode.c.objc; path = TabBarController.m; sourceTree = "<group>"; };
		D794B19E20F2809000094FF8 /* PersonCenterModel.h */ = {isa = PBXFileReference; lastKnownFileType = sourcecode.c.h; path = PersonCenterModel.h; sourceTree = "<group>"; };
		D794B19F20F2809000094FF8 /* PersonCenterModel.m */ = {isa = PBXFileReference; lastKnownFileType = sourcecode.c.objc; path = PersonCenterModel.m; sourceTree = "<group>"; };
		D794B1A120F2817100094FF8 /* PersonCenterTitleCell.h */ = {isa = PBXFileReference; lastKnownFileType = sourcecode.c.h; path = PersonCenterTitleCell.h; sourceTree = "<group>"; };
		D794B1A220F2817100094FF8 /* PersonCenterTitleCell.m */ = {isa = PBXFileReference; lastKnownFileType = sourcecode.c.objc; path = PersonCenterTitleCell.m; sourceTree = "<group>"; };
		D794B1A420F2818300094FF8 /* PersonCenterIconCell.h */ = {isa = PBXFileReference; lastKnownFileType = sourcecode.c.h; path = PersonCenterIconCell.h; sourceTree = "<group>"; };
		D794B1A520F2818400094FF8 /* PersonCenterIconCell.m */ = {isa = PBXFileReference; lastKnownFileType = sourcecode.c.objc; path = PersonCenterIconCell.m; sourceTree = "<group>"; };
		D794B1A720F281A000094FF8 /* BaseTableViewCell.h */ = {isa = PBXFileReference; lastKnownFileType = sourcecode.c.h; path = BaseTableViewCell.h; sourceTree = "<group>"; };
		D794B1A820F281A000094FF8 /* BaseTableViewCell.m */ = {isa = PBXFileReference; lastKnownFileType = sourcecode.c.objc; path = BaseTableViewCell.m; sourceTree = "<group>"; };
/* End PBXFileReference section */

/* Begin PBXFrameworksBuildPhase section */
		D75FFDBC20EDE54A002D52CD /* Frameworks */ = {
			isa = PBXFrameworksBuildPhase;
			buildActionMask = 2147483647;
			files = (
				7D5B75A227D4F8C626B74BF8 /* libPods-BWStarry1604C.a in Frameworks */,
			);
			runOnlyForDeploymentPostprocessing = 0;
		};
/* End PBXFrameworksBuildPhase section */

/* Begin PBXGroup section */
		3D8005C1204AA1EDDE2EDC32 /* Frameworks */ = {
			isa = PBXGroup;
			children = (
				0F8D0CFB256EEC2D93F9392F /* libPods-BWStarry1604C.a */,
			);
			name = Frameworks;
			sourceTree = "<group>";
		};
		58704AD608B24C76C92413BA /* Pods */ = {
			isa = PBXGroup;
			children = (
				425E649EC1BC1FACEAB1B8C1 /* Pods-BWStarry1604C.debug.xcconfig */,
				865ED044A85825703613941C /* Pods-BWStarry1604C.release.xcconfig */,
			);
			name = Pods;
			sourceTree = "<group>";
		};
		D75FFDB620EDE54A002D52CD = {
			isa = PBXGroup;
			children = (
				D75FFDC120EDE54A002D52CD /* BWStarry1604C */,
				D75FFDC020EDE54A002D52CD /* Products */,
				58704AD608B24C76C92413BA /* Pods */,
				3D8005C1204AA1EDDE2EDC32 /* Frameworks */,
			);
			sourceTree = "<group>";
		};
		D75FFDC020EDE54A002D52CD /* Products */ = {
			isa = PBXGroup;
			children = (
				D75FFDBF20EDE54A002D52CD /* BWStarry1604C.app */,
			);
			name = Products;
			sourceTree = "<group>";
		};
		D75FFDC120EDE54A002D52CD /* BWStarry1604C */ = {
			isa = PBXGroup;
			children = (
				D75FFDF720EDE970002D52CD /* Code */,
				D75FFDD320EDE54A002D52CD /* Info.plist */,
				D75FFDCB20EDE54A002D52CD /* BWStarry1604C.xcdatamodeld */,
			);
			path = BWStarry1604C;
			sourceTree = "<group>";
		};
		D75FFDDB20EDE7F8002D52CD /* Base */ = {
			isa = PBXGroup;
			children = (
				D75FFDDD20EDE7FB002D52CD /* Model */,
				D75FFDDE20EDE7FC002D52CD /* View */,
				D75FFDDC20EDE7FA002D52CD /* Controller */,
			);
			path = Base;
			sourceTree = "<group>";
		};
		D75FFDDC20EDE7FA002D52CD /* Controller */ = {
			isa = PBXGroup;
			children = (
				D771E89E20F272BC009D6C7F /* TabBarController.h */,
				D771E89F20F272BC009D6C7F /* TabBarController.m */,
				D767F0AD20F26F6800F1695E /* BaseViewController.h */,
				D767F0AE20F26F6800F1695E /* BaseViewController.m */,
				D771E89520F2712D009D6C7F /* NavigationController.h */,
				D771E89620F2712D009D6C7F /* NavigationController.m */,
				D771E89B20F27183009D6C7F /* RootViewController.h */,
				D771E89C20F27183009D6C7F /* RootViewController.m */,
			);
			path = Controller;
			sourceTree = "<group>";
		};
		D75FFDDD20EDE7FB002D52CD /* Model */ = {
			isa = PBXGroup;
			children = (
				D767F0B020F26F8F00F1695E /* BaseModel.h */,
				D767F0B120F26F8F00F1695E /* BaseModel.m */,
			);
			path = Model;
			sourceTree = "<group>";
		};
		D75FFDDE20EDE7FC002D52CD /* View */ = {
			isa = PBXGroup;
			children = (
				D794B1A720F281A000094FF8 /* BaseTableViewCell.h */,
				D794B1A820F281A000094FF8 /* BaseTableViewCell.m */,
			);
			path = View;
			sourceTree = "<group>";
		};
		D75FFDDF20EDE96D002D52CD /* ShoppingMall */ = {
			isa = PBXGroup;
			children = (
				D75FFDE020EDE96D002D52CD /* Controller */,
				D75FFDE120EDE96D002D52CD /* Model */,
				D75FFDE220EDE96D002D52CD /* View */,
			);
			path = ShoppingMall;
			sourceTree = "<group>";
		};
		D75FFDE020EDE96D002D52CD /* Controller */ = {
			isa = PBXGroup;
			children = (
				D771E89020F27083009D6C7F /* ShopMallViewController.h */,
				D771E88F20F27083009D6C7F /* ShopMallViewController.m */,
			);
			path = Controller;
			sourceTree = "<group>";
		};
		D75FFDE120EDE96D002D52CD /* Model */ = {
			isa = PBXGroup;
			children = (
			);
			path = Model;
			sourceTree = "<group>";
		};
		D75FFDE220EDE96D002D52CD /* View */ = {
			isa = PBXGroup;
			children = (
			);
			path = View;
			sourceTree = "<group>";
		};
		D75FFDE320EDE96D002D52CD /* News */ = {
			isa = PBXGroup;
			children = (
				D75FFDE420EDE96D002D52CD /* Controller */,
				D75FFDE520EDE96D002D52CD /* Model */,
				D75FFDE620EDE96D002D52CD /* View */,
			);
			path = News;
			sourceTree = "<group>";
		};
		D75FFDE420EDE96D002D52CD /* Controller */ = {
			isa = PBXGroup;
			children = (
				D767F0B620F26FE500F1695E /* NewsViewController.h */,
				D767F0B720F26FE500F1695E /* NewsViewController.m */,
			);
			path = Controller;
			sourceTree = "<group>";
		};
		D75FFDE520EDE96D002D52CD /* Model */ = {
			isa = PBXGroup;
			children = (
			);
			path = Model;
			sourceTree = "<group>";
		};
		D75FFDE620EDE96D002D52CD /* View */ = {
			isa = PBXGroup;
			children = (
			);
			path = View;
			sourceTree = "<group>";
		};
		D75FFDE720EDE96D002D52CD /* PersonCenter */ = {
			isa = PBXGroup;
			children = (
				D75FFDE820EDE96D002D52CD /* Controller */,
				D75FFDE920EDE96D002D52CD /* Model */,
				D75FFDEA20EDE96D002D52CD /* View */,
			);
			path = PersonCenter;
			sourceTree = "<group>";
		};
		D75FFDE820EDE96D002D52CD /* Controller */ = {
			isa = PBXGroup;
			children = (
				D727B23920F2701A00EBAB35 /* PersonCenterViewController.h */,
				D727B23A20F2701A00EBAB35 /* PersonCenterViewController.m */,
			);
			path = Controller;
			sourceTree = "<group>";
		};
		D75FFDE920EDE96D002D52CD /* Model */ = {
			isa = PBXGroup;
			children = (
				D794B19E20F2809000094FF8 /* PersonCenterModel.h */,
				D794B19F20F2809000094FF8 /* PersonCenterModel.m */,
			);
			path = Model;
			sourceTree = "<group>";
		};
		D75FFDEA20EDE96D002D52CD /* View */ = {
			isa = PBXGroup;
			children = (
				D794B1A120F2817100094FF8 /* PersonCenterTitleCell.h */,
				D794B1A220F2817100094FF8 /* PersonCenterTitleCell.m */,
				D794B1A420F2818300094FF8 /* PersonCenterIconCell.h */,
				D794B1A520F2818400094FF8 /* PersonCenterIconCell.m */,
			);
			path = View;
			sourceTree = "<group>";
		};
		D75FFDEB20EDE96D002D52CD /* Guide */ = {
			isa = PBXGroup;
			children = (
				D75FFDEC20EDE96D002D52CD /* Controller */,
				D75FFDED20EDE96D002D52CD /* Model */,
				D75FFDEE20EDE96D002D52CD /* View */,
			);
			path = Guide;
			sourceTree = "<group>";
		};
		D75FFDEC20EDE96D002D52CD /* Controller */ = {
			isa = PBXGroup;
			children = (
			);
			path = Controller;
			sourceTree = "<group>";
		};
		D75FFDED20EDE96D002D52CD /* Model */ = {
			isa = PBXGroup;
			children = (
			);
			path = Model;
			sourceTree = "<group>";
		};
		D75FFDEE20EDE96D002D52CD /* View */ = {
			isa = PBXGroup;
			children = (
			);
			path = View;
			sourceTree = "<group>";
		};
		D75FFDEF20EDE96D002D52CD /* LiveBroadcast */ = {
			isa = PBXGroup;
			children = (
				D75FFDF020EDE96D002D52CD /* Controller */,
				D75FFDF120EDE96D002D52CD /* Model */,
				D75FFDF220EDE96D002D52CD /* View */,
			);
			path = LiveBroadcast;
			sourceTree = "<group>";
		};
		D75FFDF020EDE96D002D52CD /* Controller */ = {
			isa = PBXGroup;
			children = (
				D771E89220F270A9009D6C7F /* LiveBroadcaseViewController.h */,
				D771E89320F270A9009D6C7F /* LiveBroadcaseViewController.m */,
			);
			path = Controller;
			sourceTree = "<group>";
		};
		D75FFDF120EDE96D002D52CD /* Model */ = {
			isa = PBXGroup;
			children = (
			);
			path = Model;
			sourceTree = "<group>";
		};
		D75FFDF220EDE96D002D52CD /* View */ = {
			isa = PBXGroup;
			children = (
			);
			path = View;
			sourceTree = "<group>";
		};
		D75FFDF320EDE96D002D52CD /* Login */ = {
			isa = PBXGroup;
			children = (
				D75FFDF420EDE96D002D52CD /* Controller */,
				D75FFDF520EDE96D002D52CD /* Model */,
				D75FFDF620EDE96D002D52CD /* View */,
			);
			path = Login;
			sourceTree = "<group>";
		};
		D75FFDF420EDE96D002D52CD /* Controller */ = {
			isa = PBXGroup;
			children = (
				D767F0B320F26FD200F1695E /* LoginViewController.h */,
				D767F0B420F26FD200F1695E /* LoginViewController.m */,
			);
			path = Controller;
			sourceTree = "<group>";
		};
		D75FFDF520EDE96D002D52CD /* Model */ = {
			isa = PBXGroup;
			children = (
			);
			path = Model;
			sourceTree = "<group>";
		};
		D75FFDF620EDE96D002D52CD /* View */ = {
			isa = PBXGroup;
			children = (
			);
			path = View;
			sourceTree = "<group>";
		};
		D75FFDF720EDE970002D52CD /* Code */ = {
			isa = PBXGroup;
			children = (
				D75FFDF920EDE985002D52CD /* OtherFiles */,
				D75FFDF820EDE97C002D52CD /* Tool */,
				D75FFDEB20EDE96D002D52CD /* Guide */,
				D75FFDEF20EDE96D002D52CD /* LiveBroadcast */,
				D75FFDF320EDE96D002D52CD /* Login */,
				D75FFDE320EDE96D002D52CD /* News */,
				D75FFDE720EDE96D002D52CD /* PersonCenter */,
				D75FFDDF20EDE96D002D52CD /* ShoppingMall */,
				D75FFDDB20EDE7F8002D52CD /* Base */,
			);
			path = Code;
			sourceTree = "<group>";
		};
		D75FFDF820EDE97C002D52CD /* Tool */ = {
			isa = PBXGroup;
			children = (
			);
			path = Tool;
			sourceTree = "<group>";
		};
		D75FFDF920EDE985002D52CD /* OtherFiles */ = {
			isa = PBXGroup;
			children = (
				D75FFDC220EDE54A002D52CD /* AppDelegate.h */,
				D75FFDC320EDE54A002D52CD /* AppDelegate.m */,
				D75FFDC520EDE54A002D52CD /* ViewController.h */,
				D75FFDC620EDE54A002D52CD /* ViewController.m */,
				D75FFDC820EDE54A002D52CD /* Main.storyboard */,
				D75FFDCE20EDE54A002D52CD /* Assets.xcassets */,
				D75FFDD020EDE54A002D52CD /* LaunchScreen.storyboard */,
				D75FFDD420EDE54A002D52CD /* main.m */,
				D75FFDFA20EDE9CA002D52CD /* PrefixHeader.pch */,
				D75FFDFC20EDF5B9002D52CD /* Url.h */,
			);
			path = OtherFiles;
			sourceTree = "<group>";
		};
/* End PBXGroup section */

/* Begin PBXNativeTarget section */
		D75FFDBE20EDE54A002D52CD /* BWStarry1604C */ = {
			isa = PBXNativeTarget;
			buildConfigurationList = D75FFDD820EDE54A002D52CD /* Build configuration list for PBXNativeTarget "BWStarry1604C" */;
			buildPhases = (
				E345F2E95E958FE200371060 /* [CP] Check Pods Manifest.lock */,
				D75FFDBB20EDE54A002D52CD /* Sources */,
				D75FFDBC20EDE54A002D52CD /* Frameworks */,
				D75FFDBD20EDE54A002D52CD /* Resources */,
				8E7197AD614CDAB810C4472C /* [CP] Copy Pods Resources */,
			);
			buildRules = (
			);
			dependencies = (
			);
			name = BWStarry1604C;
			productName = BWStarry1604C;
			productReference = D75FFDBF20EDE54A002D52CD /* BWStarry1604C.app */;
			productType = "com.apple.product-type.application";
		};
/* End PBXNativeTarget section */

/* Begin PBXProject section */
		D75FFDB720EDE54A002D52CD /* Project object */ = {
			isa = PBXProject;
			attributes = {
				LastUpgradeCheck = 0940;
				ORGANIZATIONNAME = "移动学院";
				TargetAttributes = {
					D75FFDBE20EDE54A002D52CD = {
						CreatedOnToolsVersion = 9.4.1;
					};
				};
			};
			buildConfigurationList = D75FFDBA20EDE54A002D52CD /* Build configuration list for PBXProject "BWStarry1604C" */;
			compatibilityVersion = "Xcode 9.3";
			developmentRegion = en;
			hasScannedForEncodings = 0;
			knownRegions = (
				en,
				Base,
			);
			mainGroup = D75FFDB620EDE54A002D52CD;
			productRefGroup = D75FFDC020EDE54A002D52CD /* Products */;
			projectDirPath = "";
			projectRoot = "";
			targets = (
				D75FFDBE20EDE54A002D52CD /* BWStarry1604C */,
			);
		};
/* End PBXProject section */

/* Begin PBXResourcesBuildPhase section */
		D75FFDBD20EDE54A002D52CD /* Resources */ = {
			isa = PBXResourcesBuildPhase;
			buildActionMask = 2147483647;
			files = (
				D75FFDD220EDE54A002D52CD /* LaunchScreen.storyboard in Resources */,
				D75FFDCF20EDE54A002D52CD /* Assets.xcassets in Resources */,
				D75FFDCA20EDE54A002D52CD /* Main.storyboard in Resources */,
			);
			runOnlyForDeploymentPostprocessing = 0;
		};
/* End PBXResourcesBuildPhase section */

/* Begin PBXShellScriptBuildPhase section */
		8E7197AD614CDAB810C4472C /* [CP] Copy Pods Resources */ = {
			isa = PBXShellScriptBuildPhase;
			buildActionMask = 2147483647;
			files = (
			);
			inputPaths = (
				"${SRCROOT}/Pods/Target Support Files/Pods-BWStarry1604C/Pods-BWStarry1604C-resources.sh",
				"${PODS_ROOT}/MJRefresh/MJRefresh/MJRefresh.bundle",
				"${PODS_CONFIGURATION_BUILD_DIR}/MWPhotoBrowser/MWPhotoBrowser.bundle",
				"${PODS_ROOT}/Weibo_SDK/libWeiboSDK/WeiboSDK.bundle",
			);
			name = "[CP] Copy Pods Resources";
			outputPaths = (
				"${TARGET_BUILD_DIR}/${UNLOCALIZED_RESOURCES_FOLDER_PATH}/MJRefresh.bundle",
				"${TARGET_BUILD_DIR}/${UNLOCALIZED_RESOURCES_FOLDER_PATH}/MWPhotoBrowser.bundle",
				"${TARGET_BUILD_DIR}/${UNLOCALIZED_RESOURCES_FOLDER_PATH}/WeiboSDK.bundle",
			);
			runOnlyForDeploymentPostprocessing = 0;
			shellPath = /bin/sh;
			shellScript = "\"${SRCROOT}/Pods/Target Support Files/Pods-BWStarry1604C/Pods-BWStarry1604C-resources.sh\"\n";
			showEnvVarsInLog = 0;
		};
		E345F2E95E958FE200371060 /* [CP] Check Pods Manifest.lock */ = {
			isa = PBXShellScriptBuildPhase;
			buildActionMask = 2147483647;
			files = (
			);
			inputPaths = (
				"${PODS_PODFILE_DIR_PATH}/Podfile.lock",
				"${PODS_ROOT}/Manifest.lock",
			);
			name = "[CP] Check Pods Manifest.lock";
			outputPaths = (
				"$(DERIVED_FILE_DIR)/Pods-BWStarry1604C-checkManifestLockResult.txt",
			);
			runOnlyForDeploymentPostprocessing = 0;
			shellPath = /bin/sh;
			shellScript = "diff \"${PODS_PODFILE_DIR_PATH}/Podfile.lock\" \"${PODS_ROOT}/Manifest.lock\" > /dev/null\nif [ $? != 0 ] ; then\n    # print error to STDERR\n    echo \"error: The sandbox is not in sync with the Podfile.lock. Run 'pod install' or update your CocoaPods installation.\" >&2\n    exit 1\nfi\n# This output is used by Xcode 'outputs' to avoid re-running this script phase.\necho \"SUCCESS\" > \"${SCRIPT_OUTPUT_FILE_0}\"\n";
			showEnvVarsInLog = 0;
		};
/* End PBXShellScriptBuildPhase section */

/* Begin PBXSourcesBuildPhase section */
		D75FFDBB20EDE54A002D52CD /* Sources */ = {
			isa = PBXSourcesBuildPhase;
			buildActionMask = 2147483647;
			files = (
				D794B1A920F281A000094FF8 /* BaseTableViewCell.m in Sources */,
				D767F0B220F26F8F00F1695E /* BaseModel.m in Sources */,
				D75FFDC720EDE54A002D52CD /* ViewController.m in Sources */,
				D771E89420F270A9009D6C7F /* LiveBroadcaseViewController.m in Sources */,
				D767F0AF20F26F6800F1695E /* BaseViewController.m in Sources */,
				D767F0B820F26FE500F1695E /* NewsViewController.m in Sources */,
				D771E89120F27083009D6C7F /* ShopMallViewController.m in Sources */,
				D75FFDC420EDE54A002D52CD /* AppDelegate.m in Sources */,
				D771E89D20F27183009D6C7F /* RootViewController.m in Sources */,
				D767F0B520F26FD200F1695E /* LoginViewController.m in Sources */,
				D75FFDD520EDE54A002D52CD /* main.m in Sources */,
				D794B1A620F2818400094FF8 /* PersonCenterIconCell.m in Sources */,
				D771E89720F2712D009D6C7F /* NavigationController.m in Sources */,
				D771E8A020F272BC009D6C7F /* TabBarController.m in Sources */,
				D794B1A320F2817100094FF8 /* PersonCenterTitleCell.m in Sources */,
				D727B23B20F2701A00EBAB35 /* PersonCenterViewController.m in Sources */,
				D794B1A020F2809000094FF8 /* PersonCenterModel.m in Sources */,
				D75FFDCD20EDE54A002D52CD /* BWStarry1604C.xcdatamodeld in Sources */,
			);
			runOnlyForDeploymentPostprocessing = 0;
		};
/* End PBXSourcesBuildPhase section */

/* Begin PBXVariantGroup section */
		D75FFDC820EDE54A002D52CD /* Main.storyboard */ = {
			isa = PBXVariantGroup;
			children = (
				D75FFDC920EDE54A002D52CD /* Base */,
			);
			name = Main.storyboard;
			sourceTree = "<group>";
		};
		D75FFDD020EDE54A002D52CD /* LaunchScreen.storyboard */ = {
			isa = PBXVariantGroup;
			children = (
				D75FFDD120EDE54A002D52CD /* Base */,
			);
			name = LaunchScreen.storyboard;
			sourceTree = "<group>";
		};
/* End PBXVariantGroup section */

/* Begin XCBuildConfiguration section */
		D75FFDD620EDE54A002D52CD /* Debug */ = {
			isa = XCBuildConfiguration;
			buildSettings = {
				ALWAYS_SEARCH_USER_PATHS = NO;
				CLANG_ANALYZER_NONNULL = YES;
				CLANG_ANALYZER_NUMBER_OBJECT_CONVERSION = YES_AGGRESSIVE;
				CLANG_CXX_LANGUAGE_STANDARD = "gnu++14";
				CLANG_CXX_LIBRARY = "libc++";
				CLANG_ENABLE_MODULES = YES;
				CLANG_ENABLE_OBJC_ARC = YES;
				CLANG_ENABLE_OBJC_WEAK = YES;
				CLANG_WARN_BLOCK_CAPTURE_AUTORELEASING = YES;
				CLANG_WARN_BOOL_CONVERSION = YES;
				CLANG_WARN_COMMA = YES;
				CLANG_WARN_CONSTANT_CONVERSION = YES;
				CLANG_WARN_DEPRECATED_OBJC_IMPLEMENTATIONS = YES;
				CLANG_WARN_DIRECT_OBJC_ISA_USAGE = YES_ERROR;
				CLANG_WARN_DOCUMENTATION_COMMENTS = YES;
				CLANG_WARN_EMPTY_BODY = YES;
				CLANG_WARN_ENUM_CONVERSION = YES;
				CLANG_WARN_INFINITE_RECURSION = YES;
				CLANG_WARN_INT_CONVERSION = YES;
				CLANG_WARN_NON_LITERAL_NULL_CONVERSION = YES;
				CLANG_WARN_OBJC_IMPLICIT_RETAIN_SELF = YES;
				CLANG_WARN_OBJC_LITERAL_CONVERSION = YES;
				CLANG_WARN_OBJC_ROOT_CLASS = YES_ERROR;
				CLANG_WARN_RANGE_LOOP_ANALYSIS = YES;
				CLANG_WARN_STRICT_PROTOTYPES = YES;
				CLANG_WARN_SUSPICIOUS_MOVE = YES;
				CLANG_WARN_UNGUARDED_AVAILABILITY = YES_AGGRESSIVE;
				CLANG_WARN_UNREACHABLE_CODE = YES;
				CLANG_WARN__DUPLICATE_METHOD_MATCH = YES;
				CODE_SIGN_IDENTITY = "iPhone Developer";
				COPY_PHASE_STRIP = NO;
				DEBUG_INFORMATION_FORMAT = dwarf;
				ENABLE_STRICT_OBJC_MSGSEND = YES;
				ENABLE_TESTABILITY = YES;
				GCC_C_LANGUAGE_STANDARD = gnu11;
				GCC_DYNAMIC_NO_PIC = NO;
				GCC_NO_COMMON_BLOCKS = YES;
				GCC_OPTIMIZATION_LEVEL = 0;
				GCC_PREPROCESSOR_DEFINITIONS = (
					"DEBUG=1",
					"$(inherited)",
				);
				GCC_WARN_64_TO_32_BIT_CONVERSION = YES;
				GCC_WARN_ABOUT_RETURN_TYPE = YES_ERROR;
				GCC_WARN_UNDECLARED_SELECTOR = YES;
				GCC_WARN_UNINITIALIZED_AUTOS = YES_AGGRESSIVE;
				GCC_WARN_UNUSED_FUNCTION = YES;
				GCC_WARN_UNUSED_VARIABLE = YES;
				IPHONEOS_DEPLOYMENT_TARGET = 11.4;
				MTL_ENABLE_DEBUG_INFO = YES;
				ONLY_ACTIVE_ARCH = YES;
				SDKROOT = iphoneos;
			};
			name = Debug;
		};
		D75FFDD720EDE54A002D52CD /* Release */ = {
			isa = XCBuildConfiguration;
			buildSettings = {
				ALWAYS_SEARCH_USER_PATHS = NO;
				CLANG_ANALYZER_NONNULL = YES;
				CLANG_ANALYZER_NUMBER_OBJECT_CONVERSION = YES_AGGRESSIVE;
				CLANG_CXX_LANGUAGE_STANDARD = "gnu++14";
				CLANG_CXX_LIBRARY = "libc++";
				CLANG_ENABLE_MODULES = YES;
				CLANG_ENABLE_OBJC_ARC = YES;
				CLANG_ENABLE_OBJC_WEAK = YES;
				CLANG_WARN_BLOCK_CAPTURE_AUTORELEASING = YES;
				CLANG_WARN_BOOL_CONVERSION = YES;
				CLANG_WARN_COMMA = YES;
				CLANG_WARN_CONSTANT_CONVERSION = YES;
				CLANG_WARN_DEPRECATED_OBJC_IMPLEMENTATIONS = YES;
				CLANG_WARN_DIRECT_OBJC_ISA_USAGE = YES_ERROR;
				CLANG_WARN_DOCUMENTATION_COMMENTS = YES;
				CLANG_WARN_EMPTY_BODY = YES;
				CLANG_WARN_ENUM_CONVERSION = YES;
				CLANG_WARN_INFINITE_RECURSION = YES;
				CLANG_WARN_INT_CONVERSION = YES;
				CLANG_WARN_NON_LITERAL_NULL_CONVERSION = YES;
				CLANG_WARN_OBJC_IMPLICIT_RETAIN_SELF = YES;
				CLANG_WARN_OBJC_LITERAL_CONVERSION = YES;
				CLANG_WARN_OBJC_ROOT_CLASS = YES_ERROR;
				CLANG_WARN_RANGE_LOOP_ANALYSIS = YES;
				CLANG_WARN_STRICT_PROTOTYPES = YES;
				CLANG_WARN_SUSPICIOUS_MOVE = YES;
				CLANG_WARN_UNGUARDED_AVAILABILITY = YES_AGGRESSIVE;
				CLANG_WARN_UNREACHABLE_CODE = YES;
				CLANG_WARN__DUPLICATE_METHOD_MATCH = YES;
				CODE_SIGN_IDENTITY = "iPhone Developer";
				COPY_PHASE_STRIP = NO;
				DEBUG_INFORMATION_FORMAT = "dwarf-with-dsym";
				ENABLE_NS_ASSERTIONS = NO;
				ENABLE_STRICT_OBJC_MSGSEND = YES;
				GCC_C_LANGUAGE_STANDARD = gnu11;
				GCC_NO_COMMON_BLOCKS = YES;
				GCC_WARN_64_TO_32_BIT_CONVERSION = YES;
				GCC_WARN_ABOUT_RETURN_TYPE = YES_ERROR;
				GCC_WARN_UNDECLARED_SELECTOR = YES;
				GCC_WARN_UNINITIALIZED_AUTOS = YES_AGGRESSIVE;
				GCC_WARN_UNUSED_FUNCTION = YES;
				GCC_WARN_UNUSED_VARIABLE = YES;
				IPHONEOS_DEPLOYMENT_TARGET = 11.4;
				MTL_ENABLE_DEBUG_INFO = NO;
				SDKROOT = iphoneos;
				VALIDATE_PRODUCT = YES;
			};
			name = Release;
		};
		D75FFDD920EDE54A002D52CD /* Debug */ = {
			isa = XCBuildConfiguration;
			baseConfigurationReference = 425E649EC1BC1FACEAB1B8C1 /* Pods-BWStarry1604C.debug.xcconfig */;
			buildSettings = {
				ASSETCATALOG_COMPILER_APPICON_NAME = AppIcon;
				ASSETCATALOG_COMPILER_LAUNCHIMAGE_NAME = LaunchImage;
				CODE_SIGN_STYLE = Automatic;
				DEVELOPMENT_TEAM = 25MMEQEWAK;
				GCC_PRECOMPILE_PREFIX_HEADER = YES;
				GCC_PREFIX_HEADER = BWStarry1604C/Code/OtherFiles/PrefixHeader.pch;
				INFOPLIST_FILE = BWStarry1604C/Info.plist;
				IPHONEOS_DEPLOYMENT_TARGET = 9.0;
				LD_RUNPATH_SEARCH_PATHS = (
					"$(inherited)",
					"@executable_path/Frameworks",
				);
				PRODUCT_BUNDLE_IDENTIFIER = www.bazy.BWStarry1604C;
				PRODUCT_NAME = "$(TARGET_NAME)";
				TARGETED_DEVICE_FAMILY = "1,2";
			};
			name = Debug;
		};
		D75FFDDA20EDE54A002D52CD /* Release */ = {
			isa = XCBuildConfiguration;
			baseConfigurationReference = 865ED044A85825703613941C /* Pods-BWStarry1604C.release.xcconfig */;
			buildSettings = {
				ASSETCATALOG_COMPILER_APPICON_NAME = AppIcon;
				ASSETCATALOG_COMPILER_LAUNCHIMAGE_NAME = LaunchImage;
				CODE_SIGN_STYLE = Automatic;
				DEVELOPMENT_TEAM = 25MMEQEWAK;
				GCC_PRECOMPILE_PREFIX_HEADER = YES;
				GCC_PREFIX_HEADER = BWStarry1604C/Code/OtherFiles/PrefixHeader.pch;
				INFOPLIST_FILE = BWStarry1604C/Info.plist;
				IPHONEOS_DEPLOYMENT_TARGET = 9.0;
				LD_RUNPATH_SEARCH_PATHS = (
					"$(inherited)",
					"@executable_path/Frameworks",
				);
				PRODUCT_BUNDLE_IDENTIFIER = www.bazy.BWStarry1604C;
				PRODUCT_NAME = "$(TARGET_NAME)";
				TARGETED_DEVICE_FAMILY = "1,2";
			};
			name = Release;
		};
/* End XCBuildConfiguration section */

/* Begin XCConfigurationList section */
		D75FFDBA20EDE54A002D52CD /* Build configuration list for PBXProject "BWStarry1604C" */ = {
			isa = XCConfigurationList;
			buildConfigurations = (
				D75FFDD620EDE54A002D52CD /* Debug */,
				D75FFDD720EDE54A002D52CD /* Release */,
			);
			defaultConfigurationIsVisible = 0;
			defaultConfigurationName = Release;
		};
		D75FFDD820EDE54A002D52CD /* Build configuration list for PBXNativeTarget "BWStarry1604C" */ = {
			isa = XCConfigurationList;
			buildConfigurations = (
				D75FFDD920EDE54A002D52CD /* Debug */,
				D75FFDDA20EDE54A002D52CD /* Release */,
			);
			defaultConfigurationIsVisible = 0;
			defaultConfigurationName = Release;
		};
/* End XCConfigurationList section */

/* Begin XCVersionGroup section */
		D75FFDCB20EDE54A002D52CD /* BWStarry1604C.xcdatamodeld */ = {
			isa = XCVersionGroup;
			children = (
				D75FFDCC20EDE54A002D52CD /* BWStarry1604C.xcdatamodel */,
			);
			currentVersion = D75FFDCC20EDE54A002D52CD /* BWStarry1604C.xcdatamodel */;
			path = BWStarry1604C.xcdatamodeld;
			sourceTree = "<group>";
			versionGroupType = wrapper.xcdatamodel;
		};
/* End XCVersionGroup section */
	};
	rootObject = D75FFDB720EDE54A002D52CD /* Project object */;
}
