// !$*UTF8*$!
{
	archiveVersion = 1;
	classes = {
	};
	objectVersion = 50;
	objects = {

/* Begin PBXBuildFile section */
		D75FFDC420EDE54A002D52CD /* AppDelegate.m in Sources */ = {isa = PBXBuildFile; fileRef = D75FFDC320EDE54A002D52CD /* AppDelegate.m */; };
		D75FFDC720EDE54A002D52CD /* ViewController.m in Sources */ = {isa = PBXBuildFile; fileRef = D75FFDC620EDE54A002D52CD /* ViewController.m */; };
		D75FFDCA20EDE54A002D52CD /* Main.storyboard in Resources */ = {isa = PBXBuildFile; fileRef = D75FFDC820EDE54A002D52CD /* Main.storyboard */; };
		D75FFDCD20EDE54A002D52CD /* BWStarry1604C.xcdatamodeld in Sources */ = {isa = PBXBuildFile; fileRef = D75FFDCB20EDE54A002D52CD /* BWStarry1604C.xcdatamodeld */; };
		D75FFDCF20EDE54A002D52CD /* Assets.xcassets in Resources */ = {isa = PBXBuildFile; fileRef = D75FFDCE20EDE54A002D52CD /* Assets.xcassets */; };
		D75FFDD220EDE54A002D52CD /* LaunchScreen.storyboard in Resources */ = {isa = PBXBuildFile; fileRef = D75FFDD020EDE54A002D52CD /* LaunchScreen.storyboard */; };
		D75FFDD520EDE54A002D52CD /* main.m in Sources */ = {isa = PBXBuildFile; fileRef = D75FFDD420EDE54A002D52CD /* main.m */; };
/* End PBXBuildFile section */

/* Begin PBXFileReference section */
		D75FFDBF20EDE54A002D52CD /* BWStarry1604C.app */ = {isa = PBXFileReference; explicitFileType = wrapper.application; includeInIndex = 0; path = BWStarry1604C.app; sourceTree = BUILT_PRODUCTS_DIR; };
		D75FFDC220EDE54A002D52CD /* AppDelegate.h */ = {isa = PBXFileReference; lastKnownFileType = sourcecode.c.h; path = AppDelegate.h; sourceTree = "<group>"; };
		D75FFDC320EDE54A002D52CD /* AppDelegate.m */ = {isa = PBXFileReference; lastKnownFileType = sourcecode.c.objc; path = AppDelegate.m; sourceTree = "<group>"; };
		D75FFDC520EDE54A002D52CD /* ViewController.h */ = {isa = PBXFileReference; lastKnownFileType = sourcecode.c.h; path = ViewController.h; sourceTree = "<group>"; };
		D75FFDC620EDE54A002D52CD /* ViewController.m */ = {isa = PBXFileReference; lastKnownFileType = sourcecode.c.objc; path = ViewController.m; sourceTree = "<group>"; };
		D75FFDC920EDE54A002D52CD /* Base */ = {isa = PBXFileReference; lastKnownFileType = file.storyboard; name = Base; path = Base.lproj/Main.storyboard; sourceTree = "<group>"; };
		D75FFDCC20EDE54A002D52CD /* BWStarry1604C.xcdatamodel */ = {isa = PBXFileReference; lastKnownFileType = wrapper.xcdatamodel; path = BWStarry1604C.xcdatamodel; sourceTree = "<group>"; };
		D75FFDCE20EDE54A002D52CD /* Assets.xcassets */ = {isa = PBXFileReference; lastKnownFileType = folder.assetcatalog; path = Assets.xcassets; sourceTree = "<group>"; };
		D75FFDD120EDE54A002D52CD /* Base */ = {isa = PBXFileReference; lastKnownFileType = file.storyboard; name = Base; path = Base.lproj/LaunchScreen.storyboard; sourceTree = "<group>"; };
		D75FFDD320EDE54A002D52CD /* Info.plist */ = {isa = PBXFileReference; lastKnownFileType = text.plist.xml; path = Info.plist; sourceTree = "<group>"; };
		D75FFDD420EDE54A002D52CD /* main.m */ = {isa = PBXFileReference; lastKnownFileType = sourcecode.c.objc; path = main.m; sourceTree = "<group>"; };
/* End PBXFileReference section */

/* Begin PBXFrameworksBuildPhase section */
		D75FFDBC20EDE54A002D52CD /* Frameworks */ = {
			isa = PBXFrameworksBuildPhase;
			buildActionMask = 2147483647;
			files = (
			);
			runOnlyForDeploymentPostprocessing = 0;
		};
/* End PBXFrameworksBuildPhase section */

/* Begin PBXGroup section */
		D75FFDB620EDE54A002D52CD = {
			isa = PBXGroup;
			children = (
				D75FFDC120EDE54A002D52CD /* BWStarry1604C */,
				D75FFDC020EDE54A002D52CD /* Products */,
			);
			sourceTree = "<group>";
		};
		D75FFDC020EDE54A002D52CD /* Products */ = {
			isa = PBXGroup;
			children = (
				D75FFDBF20EDE54A002D52CD /* BWStarry1604C.app */,
			);
			name = Products;
			sourceTree = "<group>";
		};
		D75FFDC120EDE54A002D52CD /* BWStarry1604C */ = {
			isa = PBXGroup;
			children = (
				D75FFDC220EDE54A002D52CD /* AppDelegate.h */,
				D75FFDC320EDE54A002D52CD /* AppDelegate.m */,
				D75FFDC520EDE54A002D52CD /* ViewController.h */,
				D75FFDC620EDE54A002D52CD /* ViewController.m */,
				D75FFDC820EDE54A002D52CD /* Main.storyboard */,
				D75FFDCE20EDE54A002D52CD /* Assets.xcassets */,
				D75FFDD020EDE54A002D52CD /* LaunchScreen.storyboard */,
				D75FFDD320EDE54A002D52CD /* Info.plist */,
				D75FFDD420EDE54A002D52CD /* main.m */,
				D75FFDCB20EDE54A002D52CD /* BWStarry1604C.xcdatamodeld */,
			);
			path = BWStarry1604C;
			sourceTree = "<group>";
		};
/* End PBXGroup section */

/* Begin PBXNativeTarget section */
		D75FFDBE20EDE54A002D52CD /* BWStarry1604C */ = {
			isa = PBXNativeTarget;
			buildConfigurationList = D75FFDD820EDE54A002D52CD /* Build configuration list for PBXNativeTarget "BWStarry1604C" */;
			buildPhases = (
				D75FFDBB20EDE54A002D52CD /* Sources */,
				D75FFDBC20EDE54A002D52CD /* Frameworks */,
				D75FFDBD20EDE54A002D52CD /* Resources */,
			);
			buildRules = (
			);
			dependencies = (
			);
			name = BWStarry1604C;
			productName = BWStarry1604C;
			productReference = D75FFDBF20EDE54A002D52CD /* BWStarry1604C.app */;
			productType = "com.apple.product-type.application";
		};
/* End PBXNativeTarget section */

/* Begin PBXProject section */
		D75FFDB720EDE54A002D52CD /* Project object */ = {
			isa = PBXProject;
			attributes = {
				LastUpgradeCheck = 0940;
				ORGANIZATIONNAME = "移动学院";
				TargetAttributes = {
					D75FFDBE20EDE54A002D52CD = {
						CreatedOnToolsVersion = 9.4.1;
					};
				};
			};
			buildConfigurationList = D75FFDBA20EDE54A002D52CD /* Build configuration list for PBXProject "BWStarry1604C" */;
			compatibilityVersion = "Xcode 9.3";
			developmentRegion = en;
			hasScannedForEncodings = 0;
			knownRegions = (
				en,
				Base,
			);
			mainGroup = D75FFDB620EDE54A002D52CD;
			productRefGroup = D75FFDC020EDE54A002D52CD /* Products */;
			projectDirPath = "";
			projectRoot = "";
			targets = (
				D75FFDBE20EDE54A002D52CD /* BWStarry1604C */,
			);
		};
/* End PBXProject section */

/* Begin PBXResourcesBuildPhase section */
		D75FFDBD20EDE54A002D52CD /* Resources */ = {
			isa = PBXResourcesBuildPhase;
			buildActionMask = 2147483647;
			files = (
				D75FFDD220EDE54A002D52CD /* LaunchScreen.storyboard in Resources */,
				D75FFDCF20EDE54A002D52CD /* Assets.xcassets in Resources */,
				D75FFDCA20EDE54A002D52CD /* Main.storyboard in Resources */,
			);
			runOnlyForDeploymentPostprocessing = 0;
		};
/* End PBXResourcesBuildPhase section */

/* Begin PBXSourcesBuildPhase section */
		D75FFDBB20EDE54A002D52CD /* Sources */ = {
			isa = PBXSourcesBuildPhase;
			buildActionMask = 2147483647;
			files = (
				D75FFDC720EDE54A002D52CD /* ViewController.m in Sources */,
				D75FFDC420EDE54A002D52CD /* AppDelegate.m in Sources */,
				D75FFDD520EDE54A002D52CD /* main.m in Sources */,
				D75FFDCD20EDE54A002D52CD /* BWStarry1604C.xcdatamodeld in Sources */,
			);
			runOnlyForDeploymentPostprocessing = 0;
		};
/* End PBXSourcesBuildPhase section */

/* Begin PBXVariantGroup section */
		D75FFDC820EDE54A002D52CD /* Main.storyboard */ = {
			isa = PBXVariantGroup;
			children = (
				D75FFDC920EDE54A002D52CD /* Base */,
			);
			name = Main.storyboard;
			sourceTree = "<group>";
		};
		D75FFDD020EDE54A002D52CD /* LaunchScreen.storyboard */ = {
			isa = PBXVariantGroup;
			children = (
				D75FFDD120EDE54A002D52CD /* Base */,
			);
			name = LaunchScreen.storyboard;
			sourceTree = "<group>";
		};
/* End PBXVariantGroup section */

/* Begin XCBuildConfiguration section */
		D75FFDD620EDE54A002D52CD /* Debug */ = {
			isa = XCBuildConfiguration;
			buildSettings = {
				ALWAYS_SEARCH_USER_PATHS = NO;
				CLANG_ANALYZER_NONNULL = YES;
				CLANG_ANALYZER_NUMBER_OBJECT_CONVERSION = YES_AGGRESSIVE;
				CLANG_CXX_LANGUAGE_STANDARD = "gnu++14";
				CLANG_CXX_LIBRARY = "libc++";
				CLANG_ENABLE_MODULES = YES;
				CLANG_ENABLE_OBJC_ARC = YES;
				CLANG_ENABLE_OBJC_WEAK = YES;
				CLANG_WARN_BLOCK_CAPTURE_AUTORELEASING = YES;
				CLANG_WARN_BOOL_CONVERSION = YES;
				CLANG_WARN_COMMA = YES;
				CLANG_WARN_CONSTANT_CONVERSION = YES;
				CLANG_WARN_DEPRECATED_OBJC_IMPLEMENTATIONS = YES;
				CLANG_WARN_DIRECT_OBJC_ISA_USAGE = YES_ERROR;
				CLANG_WARN_DOCUMENTATION_COMMENTS = YES;
				CLANG_WARN_EMPTY_BODY = YES;
				CLANG_WARN_ENUM_CONVERSION = YES;
				CLANG_WARN_INFINITE_RECURSION = YES;
				CLANG_WARN_INT_CONVERSION = YES;
				CLANG_WARN_NON_LITERAL_NULL_CONVERSION = YES;
				CLANG_WARN_OBJC_IMPLICIT_RETAIN_SELF = YES;
				CLANG_WARN_OBJC_LITERAL_CONVERSION = YES;
				CLANG_WARN_OBJC_ROOT_CLASS = YES_ERROR;
				CLANG_WARN_RANGE_LOOP_ANALYSIS = YES;
				CLANG_WARN_STRICT_PROTOTYPES = YES;
				CLANG_WARN_SUSPICIOUS_MOVE = YES;
				CLANG_WARN_UNGUARDED_AVAILABILITY = YES_AGGRESSIVE;
				CLANG_WARN_UNREACHABLE_CODE = YES;
				CLANG_WARN__DUPLICATE_METHOD_MATCH = YES;
				CODE_SIGN_IDENTITY = "iPhone Developer";
				COPY_PHASE_STRIP = NO;
				DEBUG_INFORMATION_FORMAT = dwarf;
				ENABLE_STRICT_OBJC_MSGSEND = YES;
				ENABLE_TESTABILITY = YES;
				GCC_C_LANGUAGE_STANDARD = gnu11;
				GCC_DYNAMIC_NO_PIC = NO;
				GCC_NO_COMMON_BLOCKS = YES;
				GCC_OPTIMIZATION_LEVEL = 0;
				GCC_PREPROCESSOR_DEFINITIONS = (
					"DEBUG=1",
					"$(inherited)",
				);
				GCC_WARN_64_TO_32_BIT_CONVERSION = YES;
				GCC_WARN_ABOUT_RETURN_TYPE = YES_ERROR;
				GCC_WARN_UNDECLARED_SELECTOR = YES;
				GCC_WARN_UNINITIALIZED_AUTOS = YES_AGGRESSIVE;
				GCC_WARN_UNUSED_FUNCTION = YES;
				GCC_WARN_UNUSED_VARIABLE = YES;
				IPHONEOS_DEPLOYMENT_TARGET = 11.4;
				MTL_ENABLE_DEBUG_INFO = YES;
				ONLY_ACTIVE_ARCH = YES;
				SDKROOT = iphoneos;
			};
			name = Debug;
		};
		D75FFDD720EDE54A002D52CD /* Release */ = {
			isa = XCBuildConfiguration;
			buildSettings = {
				ALWAYS_SEARCH_USER_PATHS = NO;
				CLANG_ANALYZER_NONNULL = YES;
				CLANG_ANALYZER_NUMBER_OBJECT_CONVERSION = YES_AGGRESSIVE;
				CLANG_CXX_LANGUAGE_STANDARD = "gnu++14";
				CLANG_CXX_LIBRARY = "libc++";
				CLANG_ENABLE_MODULES = YES;
				CLANG_ENABLE_OBJC_ARC = YES;
				CLANG_ENABLE_OBJC_WEAK = YES;
				CLANG_WARN_BLOCK_CAPTURE_AUTORELEASING = YES;
				CLANG_WARN_BOOL_CONVERSION = YES;
				CLANG_WARN_COMMA = YES;
				CLANG_WARN_CONSTANT_CONVERSION = YES;
				CLANG_WARN_DEPRECATED_OBJC_IMPLEMENTATIONS = YES;
				CLANG_WARN_DIRECT_OBJC_ISA_USAGE = YES_ERROR;
				CLANG_WARN_DOCUMENTATION_COMMENTS = YES;
				CLANG_WARN_EMPTY_BODY = YES;
				CLANG_WARN_ENUM_CONVERSION = YES;
				CLANG_WARN_INFINITE_RECURSION = YES;
				CLANG_WARN_INT_CONVERSION = YES;
				CLANG_WARN_NON_LITERAL_NULL_CONVERSION = YES;
				CLANG_WARN_OBJC_IMPLICIT_RETAIN_SELF = YES;
				CLANG_WARN_OBJC_LITERAL_CONVERSION = YES;
				CLANG_WARN_OBJC_ROOT_CLASS = YES_ERROR;
				CLANG_WARN_RANGE_LOOP_ANALYSIS = YES;
				CLANG_WARN_STRICT_PROTOTYPES = YES;
				CLANG_WARN_SUSPICIOUS_MOVE = YES;
				CLANG_WARN_UNGUARDED_AVAILABILITY = YES_AGGRESSIVE;
				CLANG_WARN_UNREACHABLE_CODE = YES;
				CLANG_WARN__DUPLICATE_METHOD_MATCH = YES;
				CODE_SIGN_IDENTITY = "iPhone Developer";
				COPY_PHASE_STRIP = NO;
				DEBUG_INFORMATION_FORMAT = "dwarf-with-dsym";
				ENABLE_NS_ASSERTIONS = NO;
				ENABLE_STRICT_OBJC_MSGSEND = YES;
				GCC_C_LANGUAGE_STANDARD = gnu11;
				GCC_NO_COMMON_BLOCKS = YES;
				GCC_WARN_64_TO_32_BIT_CONVERSION = YES;
				GCC_WARN_ABOUT_RETURN_TYPE = YES_ERROR;
				GCC_WARN_UNDECLARED_SELECTOR = YES;
				GCC_WARN_UNINITIALIZED_AUTOS = YES_AGGRESSIVE;
				GCC_WARN_UNUSED_FUNCTION = YES;
				GCC_WARN_UNUSED_VARIABLE = YES;
				IPHONEOS_DEPLOYMENT_TARGET = 11.4;
				MTL_ENABLE_DEBUG_INFO = NO;
				SDKROOT = iphoneos;
				VALIDATE_PRODUCT = YES;
			};
			name = Release;
		};
		D75FFDD920EDE54A002D52CD /* Debug */ = {
			isa = XCBuildConfiguration;
			buildSettings = {
				ASSETCATALOG_COMPILER_APPICON_NAME = AppIcon;
				CODE_SIGN_STYLE = Automatic;
				INFOPLIST_FILE = BWStarry1604C/Info.plist;
				LD_RUNPATH_SEARCH_PATHS = (
					"$(inherited)",
					"@executable_path/Frameworks",
				);
				PRODUCT_BUNDLE_IDENTIFIER = www.bazy.BWStarry1604C;
				PRODUCT_NAME = "$(TARGET_NAME)";
				TARGETED_DEVICE_FAMILY = "1,2";
			};
			name = Debug;
		};
		D75FFDDA20EDE54A002D52CD /* Release */ = {
			isa = XCBuildConfiguration;
			buildSettings = {
				ASSETCATALOG_COMPILER_APPICON_NAME = AppIcon;
				CODE_SIGN_STYLE = Automatic;
				INFOPLIST_FILE = BWStarry1604C/Info.plist;
				LD_RUNPATH_SEARCH_PATHS = (
					"$(inherited)",
					"@executable_path/Frameworks",
				);
				PRODUCT_BUNDLE_IDENTIFIER = www.bazy.BWStarry1604C;
				PRODUCT_NAME = "$(TARGET_NAME)";
				TARGETED_DEVICE_FAMILY = "1,2";
			};
			name = Release;
		};
/* End XCBuildConfiguration section */

/* Begin XCConfigurationList section */
		D75FFDBA20EDE54A002D52CD /* Build configuration list for PBXProject "BWStarry1604C" */ = {
			isa = XCConfigurationList;
			buildConfigurations = (
				D75FFDD620EDE54A002D52CD /* Debug */,
				D75FFDD720EDE54A002D52CD /* Release */,
			);
			defaultConfigurationIsVisible = 0;
			defaultConfigurationName = Release;
		};
		D75FFDD820EDE54A002D52CD /* Build configuration list for PBXNativeTarget "BWStarry1604C" */ = {
			isa = XCConfigurationList;
			buildConfigurations = (
				D75FFDD920EDE54A002D52CD /* Debug */,
				D75FFDDA20EDE54A002D52CD /* Release */,
			);
			defaultConfigurationIsVisible = 0;
			defaultConfigurationName = Release;
		};
/* End XCConfigurationList section */

/* Begin XCVersionGroup section */
		D75FFDCB20EDE54A002D52CD /* BWStarry1604C.xcdatamodeld */ = {
			isa = XCVersionGroup;
			children = (
				D75FFDCC20EDE54A002D52CD /* BWStarry1604C.xcdatamodel */,
			);
			currentVersion = D75FFDCC20EDE54A002D52CD /* BWStarry1604C.xcdatamodel */;
			path = BWStarry1604C.xcdatamodeld;
			sourceTree = "<group>";
			versionGroupType = wrapper.xcdatamodel;
		};
/* End XCVersionGroup section */
	};
	rootObject = D75FFDB720EDE54A002D52CD /* Project object */;
}
